
Microsoft Visual Studio Solution File, Format Version 12.00
# Visual Studio 15
VisualStudioVersion = 15.0.27004.2008
MinimumVisualStudioVersion = 10.0.40219.1
Project("{2150E333-8FDC-42A3-9474-1A3956D46DE8}") = "Engine", "Engine", "{0CE86072-45D0-40CD-9419-97DB11D544EC}"
EndProject
Project("{2150E333-8FDC-42A3-9474-1A3956D46DE8}") = "Games", "Games", "{6698AC96-6D37-4255-A3C7-2BB1F541DFC7}"
EndProject
Project("{8BC9CEB8-8B4A-11D0-8D11-00A0C91BC942}") = "UE4", "Intermediate\ProjectFiles\UE4.vcxproj", "{D72853B6-B5AD-44D2-8B42-385E02061A98}"
EndProject
Project("{8BC9CEB8-8B4A-11D0-8D11-00A0C91BC942}") = "PacManFPS", "Intermediate\ProjectFiles\PacManFPS.vcxproj", "{26166E92-46E0-4C02-AED8-838D7EB80BF8}"
EndProject
Global
	GlobalSection(SolutionConfigurationPlatforms) = preSolution
		DebugGame Editor|HTML5 = DebugGame Editor|HTML5
		DebugGame Editor|IOS = DebugGame Editor|IOS
		DebugGame Editor|Win32 = DebugGame Editor|Win32
		DebugGame Editor|Win64 = DebugGame Editor|Win64
		DebugGame|HTML5 = DebugGame|HTML5
		DebugGame|IOS = DebugGame|IOS
		DebugGame|Win32 = DebugGame|Win32
		DebugGame|Win64 = DebugGame|Win64
		Development Editor|HTML5 = Development Editor|HTML5
		Development Editor|IOS = Development Editor|IOS
		Development Editor|Win32 = Development Editor|Win32
		Development Editor|Win64 = Development Editor|Win64
		Development|HTML5 = Development|HTML5
		Development|IOS = Development|IOS
		Development|Win32 = Development|Win32
		Development|Win64 = Development|Win64
		Shipping|HTML5 = Shipping|HTML5
		Shipping|IOS = Shipping|IOS
		Shipping|Win32 = Shipping|Win32
		Shipping|Win64 = Shipping|Win64
	EndGlobalSection
	GlobalSection(ProjectConfigurationPlatforms) = postSolution
		{D72853B6-B5AD-44D2-8B42-385E02061A98}.DebugGame Editor|HTML5.ActiveCfg = BuiltWithUnrealBuildTool|Win32
		{D72853B6-B5AD-44D2-8B42-385E02061A98}.DebugGame Editor|HTML5.Build.0 = BuiltWithUnrealBuildTool|Win32
		{D72853B6-B5AD-44D2-8B42-385E02061A98}.DebugGame Editor|IOS.ActiveCfg = BuiltWithUnrealBuildTool|Win32
		{D72853B6-B5AD-44D2-8B42-385E02061A98}.DebugGame Editor|IOS.Build.0 = BuiltWithUnrealBuildTool|Win32
		{D72853B6-B5AD-44D2-8B42-385E02061A98}.DebugGame Editor|Win32.ActiveCfg = BuiltWithUnrealBuildTool|Win32
		{D72853B6-B5AD-44D2-8B42-385E02061A98}.DebugGame Editor|Win32.Build.0 = BuiltWithUnrealBuildTool|Win32
		{D72853B6-B5AD-44D2-8B42-385E02061A98}.DebugGame Editor|Win64.ActiveCfg = BuiltWithUnrealBuildTool|Win32
		{D72853B6-B5AD-44D2-8B42-385E02061A98}.DebugGame Editor|Win64.Build.0 = BuiltWithUnrealBuildTool|Win32
		{D72853B6-B5AD-44D2-8B42-385E02061A98}.DebugGame|HTML5.ActiveCfg = BuiltWithUnrealBuildTool|Win32
		{D72853B6-B5AD-44D2-8B42-385E02061A98}.DebugGame|HTML5.Build.0 = BuiltWithUnrealBuildTool|Win32
		{D72853B6-B5AD-44D2-8B42-385E02061A98}.DebugGame|IOS.ActiveCfg = BuiltWithUnrealBuildTool|Win32
		{D72853B6-B5AD-44D2-8B42-385E02061A98}.DebugGame|IOS.Build.0 = BuiltWithUnrealBuildTool|Win32
		{D72853B6-B5AD-44D2-8B42-385E02061A98}.DebugGame|Win32.ActiveCfg = BuiltWithUnrealBuildTool|Win32
		{D72853B6-B5AD-44D2-8B42-385E02061A98}.DebugGame|Win32.Build.0 = BuiltWithUnrealBuildTool|Win32
		{D72853B6-B5AD-44D2-8B42-385E02061A98}.DebugGame|Win64.ActiveCfg = BuiltWithUnrealBuildTool|Win32
		{D72853B6-B5AD-44D2-8B42-385E02061A98}.DebugGame|Win64.Build.0 = BuiltWithUnrealBuildTool|Win32
		{D72853B6-B5AD-44D2-8B42-385E02061A98}.Development Editor|HTML5.ActiveCfg = BuiltWithUnrealBuildTool|Win32
		{D72853B6-B5AD-44D2-8B42-385E02061A98}.Development Editor|HTML5.Build.0 = BuiltWithUnrealBuildTool|Win32
		{D72853B6-B5AD-44D2-8B42-385E02061A98}.Development Editor|IOS.ActiveCfg = BuiltWithUnrealBuildTool|Win32
		{D72853B6-B5AD-44D2-8B42-385E02061A98}.Development Editor|IOS.Build.0 = BuiltWithUnrealBuildTool|Win32
		{D72853B6-B5AD-44D2-8B42-385E02061A98}.Development Editor|Win32.ActiveCfg = BuiltWithUnrealBuildTool|Win32
		{D72853B6-B5AD-44D2-8B42-385E02061A98}.Development Editor|Win32.Build.0 = BuiltWithUnrealBuildTool|Win32
		{D72853B6-B5AD-44D2-8B42-385E02061A98}.Development Editor|Win64.ActiveCfg = BuiltWithUnrealBuildTool|Win32
		{D72853B6-B5AD-44D2-8B42-385E02061A98}.Development Editor|Win64.Build.0 = BuiltWithUnrealBuildTool|Win32
		{D72853B6-B5AD-44D2-8B42-385E02061A98}.Development|HTML5.ActiveCfg = BuiltWithUnrealBuildTool|Win32
		{D72853B6-B5AD-44D2-8B42-385E02061A98}.Development|HTML5.Build.0 = BuiltWithUnrealBuildTool|Win32
		{D72853B6-B5AD-44D2-8B42-385E02061A98}.Development|IOS.ActiveCfg = BuiltWithUnrealBuildTool|Win32
		{D72853B6-B5AD-44D2-8B42-385E02061A98}.Development|IOS.Build.0 = BuiltWithUnrealBuildTool|Win32
		{D72853B6-B5AD-44D2-8B42-385E02061A98}.Development|Win32.ActiveCfg = BuiltWithUnrealBuildTool|Win32
		{D72853B6-B5AD-44D2-8B42-385E02061A98}.Development|Win32.Build.0 = BuiltWithUnrealBuildTool|Win32
		{D72853B6-B5AD-44D2-8B42-385E02061A98}.Development|Win64.ActiveCfg = BuiltWithUnrealBuildTool|Win32
		{D72853B6-B5AD-44D2-8B42-385E02061A98}.Development|Win64.Build.0 = BuiltWithUnrealBuildTool|Win32
		{D72853B6-B5AD-44D2-8B42-385E02061A98}.Shipping|HTML5.ActiveCfg = BuiltWithUnrealBuildTool|Win32
		{D72853B6-B5AD-44D2-8B42-385E02061A98}.Shipping|HTML5.Build.0 = BuiltWithUnrealBuildTool|Win32
		{D72853B6-B5AD-44D2-8B42-385E02061A98}.Shipping|IOS.ActiveCfg = BuiltWithUnrealBuildTool|Win32
		{D72853B6-B5AD-44D2-8B42-385E02061A98}.Shipping|IOS.Build.0 = BuiltWithUnrealBuildTool|Win32
		{D72853B6-B5AD-44D2-8B42-385E02061A98}.Shipping|Win32.ActiveCfg = BuiltWithUnrealBuildTool|Win32
		{D72853B6-B5AD-44D2-8B42-385E02061A98}.Shipping|Win32.Build.0 = BuiltWithUnrealBuildTool|Win32
		{D72853B6-B5AD-44D2-8B42-385E02061A98}.Shipping|Win64.ActiveCfg = BuiltWithUnrealBuildTool|Win32
		{D72853B6-B5AD-44D2-8B42-385E02061A98}.Shipping|Win64.Build.0 = BuiltWithUnrealBuildTool|Win32
		{26166E92-46E0-4C02-AED8-838D7EB80BF8}.DebugGame Editor|HTML5.ActiveCfg = HTML5_DebugGame_Editor|Win32
		{26166E92-46E0-4C02-AED8-838D7EB80BF8}.DebugGame Editor|IOS.ActiveCfg = IOS_DebugGame_Editor|Win32
		{26166E92-46E0-4C02-AED8-838D7EB80BF8}.DebugGame Editor|Win32.ActiveCfg = DebugGame_Editor|Win32
		{26166E92-46E0-4C02-AED8-838D7EB80BF8}.DebugGame Editor|Win64.ActiveCfg = DebugGame_Editor|x64
		{26166E92-46E0-4C02-AED8-838D7EB80BF8}.DebugGame Editor|Win64.Build.0 = DebugGame_Editor|x64
		{26166E92-46E0-4C02-AED8-838D7EB80BF8}.DebugGame|HTML5.ActiveCfg = HTML5_DebugGame_Game|Win32
		{26166E92-46E0-4C02-AED8-838D7EB80BF8}.DebugGame|HTML5.Build.0 = HTML5_DebugGame_Game|Win32
		{26166E92-46E0-4C02-AED8-838D7EB80BF8}.DebugGame|IOS.ActiveCfg = IOS_DebugGame_Game|Win32
		{26166E92-46E0-4C02-AED8-838D7EB80BF8}.DebugGame|IOS.Build.0 = IOS_DebugGame_Game|Win32
		{26166E92-46E0-4C02-AED8-838D7EB80BF8}.DebugGame|Win32.ActiveCfg = DebugGame_Game|Win32
		{26166E92-46E0-4C02-AED8-838D7EB80BF8}.DebugGame|Win32.Build.0 = DebugGame_Game|Win32
		{26166E92-46E0-4C02-AED8-838D7EB80BF8}.DebugGame|Win64.ActiveCfg = DebugGame_Game|x64
		{26166E92-46E0-4C02-AED8-838D7EB80BF8}.DebugGame|Win64.Build.0 = DebugGame_Game|x64
		{26166E92-46E0-4C02-AED8-838D7EB80BF8}.Development Editor|HTML5.ActiveCfg = HTML5_Development_Editor|Win32
		{26166E92-46E0-4C02-AED8-838D7EB80BF8}.Development Editor|IOS.ActiveCfg = IOS_Development_Editor|Win32
		{26166E92-46E0-4C02-AED8-838D7EB80BF8}.Development Editor|Win32.ActiveCfg = Development_Editor|Win32
		{26166E92-46E0-4C02-AED8-838D7EB80BF8}.Development Editor|Win64.ActiveCfg = Development_Editor|x64
		{26166E92-46E0-4C02-AED8-838D7EB80BF8}.Development Editor|Win64.Build.0 = Development_Editor|x64
		{26166E92-46E0-4C02-AED8-838D7EB80BF8}.Development|HTML5.ActiveCfg = HTML5_Development_Game|Win32
		{26166E92-46E0-4C02-AED8-838D7EB80BF8}.Development|HTML5.Build.0 = HTML5_Development_Game|Win32
		{26166E92-46E0-4C02-AED8-838D7EB80BF8}.Development|IOS.ActiveCfg = IOS_Development_Game|Win32
		{26166E92-46E0-4C02-AED8-838D7EB80BF8}.Development|IOS.Build.0 = IOS_Development_Game|Win32
		{26166E92-46E0-4C02-AED8-838D7EB80BF8}.Development|Win32.ActiveCfg = Development_Game|Win32
		{26166E92-46E0-4C02-AED8-838D7EB80BF8}.Development|Win32.Build.0 = Development_Game|Win32
		{26166E92-46E0-4C02-AED8-838D7EB80BF8}.Development|Win64.ActiveCfg = Development_Game|x64
		{26166E92-46E0-4C02-AED8-838D7EB80BF8}.Development|Win64.Build.0 = Development_Game|x64
		{26166E92-46E0-4C02-AED8-838D7EB80BF8}.Shipping|HTML5.ActiveCfg = HTML5_Shipping_Game|Win32
		{26166E92-46E0-4C02-AED8-838D7EB80BF8}.Shipping|HTML5.Build.0 = HTML5_Shipping_Game|Win32
		{26166E92-46E0-4C02-AED8-838D7EB80BF8}.Shipping|IOS.ActiveCfg = IOS_Shipping_Game|Win32
		{26166E92-46E0-4C02-AED8-838D7EB80BF8}.Shipping|IOS.Build.0 = IOS_Shipping_Game|Win32
		{26166E92-46E0-4C02-AED8-838D7EB80BF8}.Shipping|Win32.ActiveCfg = Shipping_Game|Win32
		{26166E92-46E0-4C02-AED8-838D7EB80BF8}.Shipping|Win32.Build.0 = Shipping_Game|Win32
		{26166E92-46E0-4C02-AED8-838D7EB80BF8}.Shipping|Win64.ActiveCfg = Shipping_Game|x64
		{26166E92-46E0-4C02-AED8-838D7EB80BF8}.Shipping|Win64.Build.0 = Shipping_Game|x64
	EndGlobalSection
	GlobalSection(SolutionProperties) = preSolution
		HideSolutionNode = FALSE
	EndGlobalSection
	GlobalSection(NestedProjects) = preSolution
		{D72853B6-B5AD-44D2-8B42-385E02061A98} = {0CE86072-45D0-40CD-9419-97DB11D544EC}
		{26166E92-46E0-4C02-AED8-838D7EB80BF8} = {6698AC96-6D37-4255-A3C7-2BB1F541DFC7}
	EndGlobalSection
	GlobalSection(ExtensibilityGlobals) = postSolution
		SolutionGuid = {EEE00133-2B98-48F4-A078-37B4E198E905}
	EndGlobalSection
EndGlobal
